
Microsoft Visual Studio Solution File, Format Version 12.00
# Visual Studio 2013
VisualStudioVersion = 12.0.31101.0
MinimumVisualStudioVersion = 10.0.40219.1
Project("{FAE04EC0-301F-11D3-BF4B-00C04F79EFBC}") = "Flash65", "Flash65.csproj", "{BC4CAF79-E097-41F4-8E9B-BE6C59355751}"
EndProject
Global
	GlobalSection(SolutionConfigurationPlatforms) = preSolution
		Debug|Any CPU = Debug|Any CPU
		Release|Any CPU = Release|Any CPU
	EndGlobalSection
	GlobalSection(ProjectConfigurationPlatforms) = postSolution
		{BC4CAF79-E097-41F4-8E9B-BE6C59355751}.Debug|Any CPU.ActiveCfg = Debug|Any CPU
		{BC4CAF79-E097-41F4-8E9B-BE6C59355751}.Debug|Any CPU.Build.0 = Debug|Any CPU
		{BC4CAF79-E097-41F4-8E9B-BE6C59355751}.Release|Any CPU.ActiveCfg = Release|Any CPU
		{BC4CAF79-E097-41F4-8E9B-BE6C59355751}.Release|Any CPU.Build.0 = Release|Any CPU
	EndGlobalSection
	GlobalSection(SolutionProperties) = preSolution
		HideSolutionNode = FALSE
	EndGlobalSection
EndGlobal
