
Microsoft Visual Studio Solution File, Format Version 12.00
# Visual Studio 2013
VisualStudioVersion = 12.0.31101.0
MinimumVisualStudioVersion = 10.0.40219.1
Project("{8BC9CEB8-8B4A-11D0-8D11-00A0C91BC942}") = "emu6502", "emu6502.vcxproj", "{B62CE35F-255D-42DD-B8D7-8AF7D23F5F68}"
EndProject
Global
	GlobalSection(SolutionConfigurationPlatforms) = preSolution
		Debug|Win32 = Debug|Win32
		Release|Win32 = Release|Win32
	EndGlobalSection
	GlobalSection(ProjectConfigurationPlatforms) = postSolution
		{B62CE35F-255D-42DD-B8D7-8AF7D23F5F68}.Debug|Win32.ActiveCfg = Debug|Win32
		{B62CE35F-255D-42DD-B8D7-8AF7D23F5F68}.Debug|Win32.Build.0 = Debug|Win32
		{B62CE35F-255D-42DD-B8D7-8AF7D23F5F68}.Release|Win32.ActiveCfg = Release|Win32
		{B62CE35F-255D-42DD-B8D7-8AF7D23F5F68}.Release|Win32.Build.0 = Release|Win32
	EndGlobalSection
	GlobalSection(SolutionProperties) = preSolution
		HideSolutionNode = FALSE
	EndGlobalSection
EndGlobal
